{
  "name": "@tlon/indigo-textEditor",
  "requires": true,
  "lockfileVersion": 1,
  "dependencies": {
    "bail": {
      "version": "1.0.5",
      "resolved": "https://registry.npmjs.org/bail/-/bail-1.0.5.tgz",
      "integrity": "sha512-xFbRxM1tahm08yHBP16MMjVUAvDaBMD38zsM9EMAUN61omwLmKlOpB/Zku5QkjZ8TZ4vn53pj+t518cH0S03RQ==",
      "dev": true
    },
    "character-entities": {
      "version": "1.2.4",
      "resolved": "https://registry.npmjs.org/character-entities/-/character-entities-1.2.4.tgz",
      "integrity": "sha512-iBMyeEHxfVnIakwOuDXpVkc54HijNgCyQB2w0VfGQThle6NXn50zU6V/u+LDhxHcDUPojn6Kpga3PTAD8W1bQw==",
      "dev": true
    },
    "character-entities-legacy": {
      "version": "1.1.4",
      "resolved": "https://registry.npmjs.org/character-entities-legacy/-/character-entities-legacy-1.1.4.tgz",
      "integrity": "sha512-3Xnr+7ZFS1uxeiUDvV02wQ+QDbc55o97tIV5zHScSPJpcLm/r0DFPcoY3tYRp+VZukxuMeKgXYmsXQHO05zQeA==",
      "dev": true
    },
    "character-reference-invalid": {
      "version": "1.1.4",
      "resolved": "https://registry.npmjs.org/character-reference-invalid/-/character-reference-invalid-1.1.4.tgz",
      "integrity": "sha512-mKKUkUbhPpQlCOfIuZkvSEgktjPFIsZKRRbC6KWVEMvlzblj3i3asQv5ODsrwt0N3pHAEvjP8KTQPHkp0+6jOg==",
      "dev": true
    },
    "codemirror": {
      "version": "5.53.2",
      "resolved": "https://registry.npmjs.org/codemirror/-/codemirror-5.53.2.tgz",
      "integrity": "sha512-wvSQKS4E+P8Fxn/AQ+tQtJnF1qH5UOlxtugFLpubEZ5jcdH2iXTVinb+Xc/4QjshuOxRm4fUsU2QPF1JJKiyXA==",
      "dev": true
    },
    "collapse-white-space": {
      "version": "1.0.6",
      "resolved": "https://registry.npmjs.org/collapse-white-space/-/collapse-white-space-1.0.6.tgz",
      "integrity": "sha512-jEovNnrhMuqyCcjfEJA56v0Xq8SkIoPKDyaHahwo3POf4qcSXqMYuwNcOTzp74vTsR9Tn08z4MxWqAhcekogkQ==",
      "dev": true
    },
    "dom-serializer": {
      "version": "0.2.2",
      "resolved": "https://registry.npmjs.org/dom-serializer/-/dom-serializer-0.2.2.tgz",
      "integrity": "sha512-2/xPb3ORsQ42nHYiSunXkDjPLBaEj/xTwUO4B7XCZQTRk7EBtTOPaygh10YAAh2OI1Qrp6NWfpAhzswj0ydt9g==",
      "dev": true,
      "requires": {
        "domelementtype": "^2.0.1",
        "entities": "^2.0.0"
      }
    },
    "domelementtype": {
      "version": "2.0.1",
      "resolved": "https://registry.npmjs.org/domelementtype/-/domelementtype-2.0.1.tgz",
      "integrity": "sha512-5HOHUDsYZWV8FGWN0Njbr/Rn7f/eWSQi1v7+HsUVwXgn8nWWlL64zKDkS0n8ZmQ3mlWOMuXOnR+7Nx/5tMO5AQ==",
      "dev": true
    },
    "domhandler": {
      "version": "3.0.0",
      "resolved": "https://registry.npmjs.org/domhandler/-/domhandler-3.0.0.tgz",
      "integrity": "sha512-eKLdI5v9m67kbXQbJSNn1zjh0SDzvzWVWtX+qEI3eMjZw8daH9k8rlj1FZY9memPwjiskQFbe7vHVVJIAqoEhw==",
      "dev": true,
      "requires": {
        "domelementtype": "^2.0.1"
      }
    },
    "domutils": {
      "version": "2.0.0",
      "resolved": "https://registry.npmjs.org/domutils/-/domutils-2.0.0.tgz",
      "integrity": "sha512-n5SelJ1axbO636c2yUtOGia/IcJtVtlhQbFiVDBZHKV5ReJO1ViX7sFEemtuyoAnBxk5meNSYgA8V4s0271efg==",
      "dev": true,
      "requires": {
        "dom-serializer": "^0.2.1",
        "domelementtype": "^2.0.1",
        "domhandler": "^3.0.0"
      }
    },
    "entities": {
      "version": "2.0.0",
      "resolved": "https://registry.npmjs.org/entities/-/entities-2.0.0.tgz",
      "integrity": "sha512-D9f7V0JSRwIxlRI2mjMqufDrRDnx8p+eEOz7aUM9SuvF8gsBzra0/6tbjl1m8eQHrZlYj6PxqE00hZ1SAIKPLw==",
      "dev": true
    },
    "extend": {
      "version": "3.0.2",
      "resolved": "https://registry.npmjs.org/extend/-/extend-3.0.2.tgz",
      "integrity": "sha512-fjquC59cD7CyW6urNXK0FBufkZcoiGG80wTuPujX590cB5Ttln20E2UB4S/WARVqhXffZl2LNgS+gQdPIIim/g==",
      "dev": true
    },
    "html-to-react": {
      "version": "1.4.2",
      "resolved": "https://registry.npmjs.org/html-to-react/-/html-to-react-1.4.2.tgz",
      "integrity": "sha512-TdTfxd95sRCo6QL8admCkE7mvNNrXtGoVr1dyS+7uvc8XCqAymnf/6ckclvnVbQNUo2Nh21VPwtfEHd0khiV7g==",
      "dev": true,
      "requires": {
        "domhandler": "^3.0",
        "htmlparser2": "^4.0",
        "lodash.camelcase": "^4.3.0",
        "ramda": "^0.26"
      }
    },
    "htmlparser2": {
      "version": "4.1.0",
      "resolved": "https://registry.npmjs.org/htmlparser2/-/htmlparser2-4.1.0.tgz",
      "integrity": "sha512-4zDq1a1zhE4gQso/c5LP1OtrhYTncXNSpvJYtWJBtXAETPlMfi3IFNjGuQbYLuVY4ZR0QMqRVvo4Pdy9KLyP8Q==",
      "dev": true,
      "requires": {
        "domelementtype": "^2.0.1",
        "domhandler": "^3.0.0",
        "domutils": "^2.0.0",
        "entities": "^2.0.0"
      }
    },
    "inherits": {
      "version": "2.0.4",
      "resolved": "https://registry.npmjs.org/inherits/-/inherits-2.0.4.tgz",
      "integrity": "sha512-k/vGaX4/Yla3WzyMCvTQOXYeIHvqOKtnqBduzTHpzpQZzAskKMhZ2K+EnBiSM9zGSoIFeMpXKxa4dYeZIQqewQ==",
      "dev": true
    },
    "is-alphabetical": {
      "version": "1.0.4",
      "resolved": "https://registry.npmjs.org/is-alphabetical/-/is-alphabetical-1.0.4.tgz",
      "integrity": "sha512-DwzsA04LQ10FHTZuL0/grVDk4rFoVH1pjAToYwBrHSxcrBIGQuXrQMtD5U1b0U2XVgKZCTLLP8u2Qxqhy3l2Vg==",
      "dev": true
    },
    "is-alphanumerical": {
      "version": "1.0.4",
      "resolved": "https://registry.npmjs.org/is-alphanumerical/-/is-alphanumerical-1.0.4.tgz",
      "integrity": "sha512-UzoZUr+XfVz3t3v4KyGEniVL9BDRoQtY7tOyrRybkVNjDFWyo1yhXNGrrBTQxp3ib9BLAWs7k2YKBQsFRkZG9A==",
      "dev": true,
      "requires": {
        "is-alphabetical": "^1.0.0",
        "is-decimal": "^1.0.0"
      }
    },
    "is-buffer": {
      "version": "1.1.6",
      "resolved": "https://registry.npmjs.org/is-buffer/-/is-buffer-1.1.6.tgz",
      "integrity": "sha512-NcdALwpXkTm5Zvvbk7owOUSvVvBKDgKP5/ewfXEznmQFfs4ZRmanOeKBTjRVjka3QFoN6XJ+9F3USqfHqTaU5w==",
      "dev": true
    },
    "is-decimal": {
      "version": "1.0.4",
      "resolved": "https://registry.npmjs.org/is-decimal/-/is-decimal-1.0.4.tgz",
      "integrity": "sha512-RGdriMmQQvZ2aqaQq3awNA6dCGtKpiDFcOzrTWrDAT2MiWrKQVPmxLGHl7Y2nNu6led0kEyoX0enY0qXYsv9zw==",
      "dev": true
    },
    "is-hexadecimal": {
      "version": "1.0.4",
      "resolved": "https://registry.npmjs.org/is-hexadecimal/-/is-hexadecimal-1.0.4.tgz",
      "integrity": "sha512-gyPJuv83bHMpocVYoqof5VDiZveEoGoFL8m3BXNb2VW8Xs+rz9kqO8LOQ5DH6EsuvilT1ApazU0pyl+ytbPtlw==",
      "dev": true
    },
    "is-plain-obj": {
      "version": "1.1.0",
      "resolved": "https://registry.npmjs.org/is-plain-obj/-/is-plain-obj-1.1.0.tgz",
      "integrity": "sha1-caUMhCnfync8kqOQpKA7OfzVHT4=",
      "dev": true
    },
    "is-whitespace-character": {
      "version": "1.0.4",
      "resolved": "https://registry.npmjs.org/is-whitespace-character/-/is-whitespace-character-1.0.4.tgz",
      "integrity": "sha512-SDweEzfIZM0SJV0EUga669UTKlmL0Pq8Lno0QDQsPnvECB3IM2aP0gdx5TrU0A01MAPfViaZiI2V1QMZLaKK5w==",
      "dev": true
    },
    "is-word-character": {
      "version": "1.0.4",
      "resolved": "https://registry.npmjs.org/is-word-character/-/is-word-character-1.0.4.tgz",
      "integrity": "sha512-5SMO8RVennx3nZrqtKwCGyyetPE9VDba5ugvKLaD4KopPG5kR4mQ7tNt/r7feL5yt5h3lpuBbIUmCOG2eSzXHA==",
      "dev": true
    },
    "js-tokens": {
      "version": "4.0.0",
      "resolved": "https://registry.npmjs.org/js-tokens/-/js-tokens-4.0.0.tgz",
      "integrity": "sha512-RdJUflcE3cUzKiMqQgsCu06FPu9UdIJO0beYbPhHN4k6apgJtifcoCtT9bcxOpYBtpD2kCM6Sbzg4CausW/PKQ==",
      "dev": true
    },
    "lodash.camelcase": {
      "version": "4.3.0",
      "resolved": "https://registry.npmjs.org/lodash.camelcase/-/lodash.camelcase-4.3.0.tgz",
      "integrity": "sha1-soqmKIorn8ZRA1x3EfZathkDMaY=",
      "dev": true
    },
    "loose-envify": {
      "version": "1.4.0",
      "resolved": "https://registry.npmjs.org/loose-envify/-/loose-envify-1.4.0.tgz",
      "integrity": "sha512-lyuxPGr/Wfhrlem2CL/UcnUc1zcqKAImBDzukY7Y5F/yQiNdko6+fRLevlw1HgMySw7f611UIY408EtxRSoK3Q==",
      "dev": true,
      "requires": {
        "js-tokens": "^3.0.0 || ^4.0.0"
      }
    },
    "markdown-escapes": {
      "version": "1.0.4",
      "resolved": "https://registry.npmjs.org/markdown-escapes/-/markdown-escapes-1.0.4.tgz",
      "integrity": "sha512-8z4efJYk43E0upd0NbVXwgSTQs6cT3T06etieCMEg7dRbzCbxUCK/GHlX8mhHRDcp+OLlHkPKsvqQTCvsRl2cg==",
      "dev": true
    },
    "mdast-add-list-metadata": {
      "version": "1.0.1",
      "resolved": "https://registry.npmjs.org/mdast-add-list-metadata/-/mdast-add-list-metadata-1.0.1.tgz",
      "integrity": "sha512-fB/VP4MJ0LaRsog7hGPxgOrSL3gE/2uEdZyDuSEnKCv/8IkYHiDkIQSbChiJoHyxZZXZ9bzckyRk+vNxFzh8rA==",
      "dev": true,
      "requires": {
        "unist-util-visit-parents": "1.1.2"
      }
    },
    "object-assign": {
      "version": "4.1.1",
      "resolved": "https://registry.npmjs.org/object-assign/-/object-assign-4.1.1.tgz",
      "integrity": "sha1-IQmtx5ZYh8/AXLvUQsrIv7s2CGM=",
      "dev": true
    },
    "parse-entities": {
      "version": "1.2.2",
      "resolved": "https://registry.npmjs.org/parse-entities/-/parse-entities-1.2.2.tgz",
      "integrity": "sha512-NzfpbxW/NPrzZ/yYSoQxyqUZMZXIdCfE0OIN4ESsnptHJECoUk3FZktxNuzQf4tjt5UEopnxpYJbvYuxIFDdsg==",
      "dev": true,
      "requires": {
        "character-entities": "^1.0.0",
        "character-entities-legacy": "^1.0.0",
        "character-reference-invalid": "^1.0.0",
        "is-alphanumerical": "^1.0.0",
        "is-decimal": "^1.0.0",
        "is-hexadecimal": "^1.0.0"
      }
    },
    "prop-types": {
      "version": "15.7.2",
      "resolved": "https://registry.npmjs.org/prop-types/-/prop-types-15.7.2.tgz",
      "integrity": "sha512-8QQikdH7//R2vurIJSutZ1smHYTcLpRWEOlHnzcWHmBYrOGUysKwSsrC89BCiFj3CbrfJ/nXFdJepOVrY1GCHQ==",
      "dev": true,
      "requires": {
        "loose-envify": "^1.4.0",
        "object-assign": "^4.1.1",
        "react-is": "^16.8.1"
      }
    },
    "ramda": {
      "version": "0.26.1",
      "resolved": "https://registry.npmjs.org/ramda/-/ramda-0.26.1.tgz",
      "integrity": "sha512-hLWjpy7EnsDBb0p+Z3B7rPi3GDeRG5ZtiI33kJhTt+ORCd38AbAIjB/9zRIUoeTbE/AVX5ZkU7m6bznsvrf8eQ==",
      "dev": true
    },
    "react-codemirror2": {
      "version": "7.1.0",
      "resolved": "https://registry.npmjs.org/react-codemirror2/-/react-codemirror2-7.1.0.tgz",
      "integrity": "sha512-Rel0QbPnCTjHxgZYt6TkGw4icSZXNyONHb72a+1wWA+PlYJIvzFAv4pZlDPG0rpKpKmy4kSUlkoWgneH7w3A0g==",
      "dev": true
    },
    "react-is": {
      "version": "16.13.1",
      "resolved": "https://registry.npmjs.org/react-is/-/react-is-16.13.1.tgz",
      "integrity": "sha512-24e6ynE2H+OKt4kqsOvNd8kBpV65zoxbA4BVsEOB3ARVWQki/DHzaUoC5KuON/BiccDaCCTZBuOcfZs70kR8bQ==",
      "dev": true
    },
    "react-markdown": {
      "version": "4.3.1",
      "resolved": "https://registry.npmjs.org/react-markdown/-/react-markdown-4.3.1.tgz",
      "integrity": "sha512-HQlWFTbDxTtNY6bjgp3C3uv1h2xcjCSi1zAEzfBW9OwJJvENSYiLXWNXN5hHLsoqai7RnZiiHzcnWdXk2Splzw==",
      "dev": true,
      "requires": {
        "html-to-react": "^1.3.4",
        "mdast-add-list-metadata": "1.0.1",
        "prop-types": "^15.7.2",
        "react-is": "^16.8.6",
        "remark-parse": "^5.0.0",
        "unified": "^6.1.5",
        "unist-util-visit": "^1.3.0",
        "xtend": "^4.0.1"
      }
    },
    "remark-parse": {
      "version": "5.0.0",
      "resolved": "https://registry.npmjs.org/remark-parse/-/remark-parse-5.0.0.tgz",
      "integrity": "sha512-b3iXszZLH1TLoyUzrATcTQUZrwNl1rE70rVdSruJFlDaJ9z5aMkhrG43Pp68OgfHndL/ADz6V69Zow8cTQu+JA==",
      "dev": true,
      "requires": {
        "collapse-white-space": "^1.0.2",
        "is-alphabetical": "^1.0.0",
        "is-decimal": "^1.0.0",
        "is-whitespace-character": "^1.0.0",
        "is-word-character": "^1.0.0",
        "markdown-escapes": "^1.0.0",
        "parse-entities": "^1.1.0",
        "repeat-string": "^1.5.4",
        "state-toggle": "^1.0.0",
        "trim": "0.0.1",
        "trim-trailing-lines": "^1.0.0",
        "unherit": "^1.0.4",
        "unist-util-remove-position": "^1.0.0",
        "vfile-location": "^2.0.0",
        "xtend": "^4.0.1"
      }
    },
    "repeat-string": {
      "version": "1.6.1",
      "resolved": "https://registry.npmjs.org/repeat-string/-/repeat-string-1.6.1.tgz",
      "integrity": "sha1-jcrkcOHIirwtYA//Sndihtp15jc=",
      "dev": true
    },
    "replace-ext": {
      "version": "1.0.0",
      "resolved": "https://registry.npmjs.org/replace-ext/-/replace-ext-1.0.0.tgz",
      "integrity": "sha1-3mMSg3P8v3w8z6TeWkgMRaZ5WOs=",
      "dev": true
    },
    "state-toggle": {
      "version": "1.0.3",
      "resolved": "https://registry.npmjs.org/state-toggle/-/state-toggle-1.0.3.tgz",
      "integrity": "sha512-d/5Z4/2iiCnHw6Xzghyhb+GcmF89bxwgXG60wjIiZaxnymbyOmI8Hk4VqHXiVVp6u2ysaskFfXg3ekCj4WNftQ==",
      "dev": true
    },
    "trim": {
      "version": "0.0.1",
      "resolved": "https://registry.npmjs.org/trim/-/trim-0.0.1.tgz",
      "integrity": "sha1-WFhUf2spB1fulczMZm+1AITEYN0=",
      "dev": true
    },
    "trim-trailing-lines": {
      "version": "1.1.3",
      "resolved": "https://registry.npmjs.org/trim-trailing-lines/-/trim-trailing-lines-1.1.3.tgz",
      "integrity": "sha512-4ku0mmjXifQcTVfYDfR5lpgV7zVqPg6zV9rdZmwOPqq0+Zq19xDqEgagqVbc4pOOShbncuAOIs59R3+3gcF3ZA==",
      "dev": true
    },
    "trough": {
      "version": "1.0.5",
      "resolved": "https://registry.npmjs.org/trough/-/trough-1.0.5.tgz",
      "integrity": "sha512-rvuRbTarPXmMb79SmzEp8aqXNKcK+y0XaB298IXueQ8I2PsrATcPBCSPyK/dDNa2iWOhKlfNnOjdAOTBU/nkFA==",
      "dev": true
    },
    "unherit": {
      "version": "1.1.3",
      "resolved": "https://registry.npmjs.org/unherit/-/unherit-1.1.3.tgz",
      "integrity": "sha512-Ft16BJcnapDKp0+J/rqFC3Rrk6Y/Ng4nzsC028k2jdDII/rdZ7Wd3pPT/6+vIIxRagwRc9K0IUX0Ra4fKvw+WQ==",
      "dev": true,
      "requires": {
        "inherits": "^2.0.0",
        "xtend": "^4.0.0"
      }
    },
    "unified": {
      "version": "6.2.0",
      "resolved": "https://registry.npmjs.org/unified/-/unified-6.2.0.tgz",
      "integrity": "sha512-1k+KPhlVtqmG99RaTbAv/usu85fcSRu3wY8X+vnsEhIxNP5VbVIDiXnLqyKIG+UMdyTg0ZX9EI6k2AfjJkHPtA==",
      "dev": true,
      "requires": {
        "bail": "^1.0.0",
        "extend": "^3.0.0",
        "is-plain-obj": "^1.1.0",
        "trough": "^1.0.0",
        "vfile": "^2.0.0",
        "x-is-string": "^0.1.0"
      }
    },
    "unist-util-is": {
      "version": "3.0.0",
      "resolved": "https://registry.npmjs.org/unist-util-is/-/unist-util-is-3.0.0.tgz",
      "integrity": "sha512-sVZZX3+kspVNmLWBPAB6r+7D9ZgAFPNWm66f7YNb420RlQSbn+n8rG8dGZSkrER7ZIXGQYNm5pqC3v3HopH24A==",
      "dev": true
    },
    "unist-util-remove-position": {
      "version": "1.1.4",
      "resolved": "https://registry.npmjs.org/unist-util-remove-position/-/unist-util-remove-position-1.1.4.tgz",
      "integrity": "sha512-tLqd653ArxJIPnKII6LMZwH+mb5q+n/GtXQZo6S6csPRs5zB0u79Yw8ouR3wTw8wxvdJFhpP6Y7jorWdCgLO0A==",
      "dev": true,
      "requires": {
        "unist-util-visit": "^1.1.0"
      }
    },
    "unist-util-stringify-position": {
      "version": "1.1.2",
      "resolved": "https://registry.npmjs.org/unist-util-stringify-position/-/unist-util-stringify-position-1.1.2.tgz",
      "integrity": "sha512-pNCVrk64LZv1kElr0N1wPiHEUoXNVFERp+mlTg/s9R5Lwg87f9bM/3sQB99w+N9D/qnM9ar3+AKDBwo/gm/iQQ==",
      "dev": true
    },
    "unist-util-visit": {
      "version": "1.4.1",
      "resolved": "https://registry.npmjs.org/unist-util-visit/-/unist-util-visit-1.4.1.tgz",
      "integrity": "sha512-AvGNk7Bb//EmJZyhtRUnNMEpId/AZ5Ph/KUpTI09WHQuDZHKovQ1oEv3mfmKpWKtoMzyMC4GLBm1Zy5k12fjIw==",
      "dev": true,
      "requires": {
        "unist-util-visit-parents": "^2.0.0"
      },
      "dependencies": {
        "unist-util-visit-parents": {
          "version": "2.1.2",
          "resolved": "https://registry.npmjs.org/unist-util-visit-parents/-/unist-util-visit-parents-2.1.2.tgz",
          "integrity": "sha512-DyN5vD4NE3aSeB+PXYNKxzGsfocxp6asDc2XXE3b0ekO2BaRUpBicbbUygfSvYfUz1IkmjFR1YF7dPklraMZ2g==",
          "dev": true,
          "requires": {
            "unist-util-is": "^3.0.0"
          }
        }
      }
    },
    "unist-util-visit-parents": {
      "version": "1.1.2",
      "resolved": "https://registry.npmjs.org/unist-util-visit-parents/-/unist-util-visit-parents-1.1.2.tgz",
      "integrity": "sha512-yvo+MMLjEwdc3RhhPYSximset7rwjMrdt9E41Smmvg25UQIenzrN83cRnF1JMzoMi9zZOQeYXHSDf7p+IQkW3Q==",
      "dev": true
    },
    "vfile": {
      "version": "2.3.0",
      "resolved": "https://registry.npmjs.org/vfile/-/vfile-2.3.0.tgz",
      "integrity": "sha512-ASt4mBUHcTpMKD/l5Q+WJXNtshlWxOogYyGYYrg4lt/vuRjC1EFQtlAofL5VmtVNIZJzWYFJjzGWZ0Gw8pzW1w==",
      "dev": true,
      "requires": {
        "is-buffer": "^1.1.4",
        "replace-ext": "1.0.0",
        "unist-util-stringify-position": "^1.0.0",
        "vfile-message": "^1.0.0"
      }
    },
    "vfile-location": {
      "version": "2.0.6",
      "resolved": "https://registry.npmjs.org/vfile-location/-/vfile-location-2.0.6.tgz",
      "integrity": "sha512-sSFdyCP3G6Ka0CEmN83A2YCMKIieHx0EDaj5IDP4g1pa5ZJ4FJDvpO0WODLxo4LUX4oe52gmSCK7Jw4SBghqxA==",
      "dev": true
    },
    "vfile-message": {
      "version": "1.1.1",
      "resolved": "https://registry.npmjs.org/vfile-message/-/vfile-message-1.1.1.tgz",
      "integrity": "sha512-1WmsopSGhWt5laNir+633LszXvZ+Z/lxveBf6yhGsqnQIhlhzooZae7zV6YVM1Sdkw68dtAW3ow0pOdPANugvA==",
      "dev": true,
      "requires": {
        "unist-util-stringify-position": "^1.1.1"
      }
    },
    "x-is-string": {
      "version": "0.1.0",
      "resolved": "https://registry.npmjs.org/x-is-string/-/x-is-string-0.1.0.tgz",
      "integrity": "sha1-R0tQhlrzpJqcRlfwWs0UVFj3fYI=",
      "dev": true
    },
    "xtend": {
      "version": "4.0.2",
      "resolved": "https://registry.npmjs.org/xtend/-/xtend-4.0.2.tgz",
      "integrity": "sha512-LKYU1iAXJXUgAXn9URjiu+MWhyUXHsvfp7mcuYm9dSUKK0/CjtrUwFAxD82/mCWbtLsGjFIad0wIsod4zrTAEQ==",
      "dev": true
    }
  }
}
