{
	"name": "indigo-docs",
	"version": "1.3.12",
	"lockfileVersion": 1,
	"requires": true,
	"dependencies": {
		"@reach/auto-id": {
			"version": "0.10.1",
			"resolved": "https://registry.npmjs.org/@reach/auto-id/-/auto-id-0.10.1.tgz",
			"integrity": "sha512-xGFW2v+L39M/mafdW7v+NhhsjT1LBnQJCGj64dm37T4IGNgAexlfMkRRwsqHOvuVvV38mR114YOy0xrlkqduRQ==",
			"requires": {
				"@reach/utils": "^0.10.1",
				"tslib": "^1.11.1"
			}
		},
		"@reach/descendants": {
			"version": "0.10.1",
			"resolved": "https://registry.npmjs.org/@reach/descendants/-/descendants-0.10.1.tgz",
			"integrity": "sha512-Wh6VnCCDwqK/07GBx259fQsVGGwb+IT17GP3LYPtabo2L/t9Mw5oIiAkXZ6VVvw7zGpQGfm9cZYBxdYCbQOwuA==",
			"requires": {
				"@reach/utils": "^0.10.1",
				"tslib": "^1.11.1"
			}
		},
		"@reach/menu-button": {
			"version": "0.10.1",
			"resolved": "https://registry.npmjs.org/@reach/menu-button/-/menu-button-0.10.1.tgz",
			"integrity": "sha512-GqROR7McvLdNdLe70a7aNSZaRmqttSqGdnOVkLs4NiihX1FFOw/k5CCTWmN6WEKLayVV/r4WaP/lUDdMa8w7nA==",
			"requires": {
				"@reach/auto-id": "^0.10.1",
				"@reach/descendants": "^0.10.1",
				"@reach/popover": "^0.10.1",
				"@reach/utils": "^0.10.1",
				"prop-types": "^15.7.2",
				"tslib": "^1.11.1"
			}
		},
		"@reach/observe-rect": {
			"version": "1.1.0",
			"resolved": "https://registry.npmjs.org/@reach/observe-rect/-/observe-rect-1.1.0.tgz",
			"integrity": "sha512-kE+jvoj/OyJV24C03VvLt5zclb9ArJi04wWXMMFwQvdZjdHoBlN4g0ZQFjyy/ejPF1Z/dpUD5dhRdBiUmIGZTA=="
		},
		"@reach/popover": {
			"version": "0.10.1",
			"resolved": "https://registry.npmjs.org/@reach/popover/-/popover-0.10.1.tgz",
			"integrity": "sha512-CDRYWnCUfvn2WlTDVlDmWOV3TD0zYeJSfsd6daq2bqUX1+1jRddm3x/nk2Na6Fn8Nm9pjYUvatE+noin9iVvDw==",
			"requires": {
				"@reach/portal": "^0.10.1",
				"@reach/rect": "^0.10.1",
				"@reach/utils": "^0.10.1",
				"tabbable": "^4.0.0",
				"tslib": "^1.11.1"
			}
		},
		"@reach/portal": {
			"version": "0.10.1",
			"resolved": "https://registry.npmjs.org/@reach/portal/-/portal-0.10.1.tgz",
			"integrity": "sha512-axap4IxA0xgsxluqyeyVuGZrStqaZ81iyiHmXFn+D+bjDNdd29colHm5GEB5mjGnkqktcXWyx5DQ+aRHIyGEkQ==",
			"requires": {
				"@reach/utils": "^0.10.1",
				"tslib": "^1.11.1"
			}
		},
		"@reach/rect": {
			"version": "0.10.1",
			"resolved": "https://registry.npmjs.org/@reach/rect/-/rect-0.10.1.tgz",
			"integrity": "sha512-jM172ZMUpdv4WeMjdO+A9Yg5doXWCq8SzRgk7Q7dK9x1y4czOmY0zanwYxDVs83r+mn0+QINnEDNcScpsOPAfQ==",
			"requires": {
				"@reach/observe-rect": "^1.1.0",
				"@reach/utils": "^0.10.1",
				"prop-types": "^15.7.2",
				"tslib": "^1.11.1"
			}
		},
		"@reach/utils": {
			"version": "0.10.1",
			"resolved": "https://registry.npmjs.org/@reach/utils/-/utils-0.10.1.tgz",
			"integrity": "sha512-YzwZWVK+rSiUATNVtK7H2/ZkT/GhNKmkRjnj3hnVhSYLGxY9uQdfc+npetOqkh4hTAOXiErDa64ybVClR3h0TA==",
			"requires": {
				"@types/warning": "^3.0.0",
				"tslib": "^1.11.1",
				"warning": "^4.0.3"
			}
		},
		"@styled-system/css": {
			"version": "5.1.5",
			"resolved": "https://registry.npmjs.org/@styled-system/css/-/css-5.1.5.tgz",
			"integrity": "sha512-XkORZdS5kypzcBotAMPBoeckDs9aSZVkvrAlq5K3xP8IMAUek+x2O4NtwoSgkYkWWzVBu6DGdFZLR790QWGG+A=="
		},
		"@tlon/indigo-react": {
			"version": "1.1.12",
			"resolved": "https://registry.npmjs.org/@tlon/indigo-react/-/indigo-react-1.1.12.tgz",
			"integrity": "sha512-XBJjHwaslEwZA2r09qnoh84BeVLnd/jwZRkhq71KNABnRD+QRtg/dYNvtswueML4Km89Vx9QBtCIEIeujzrblw==",
			"requires": {
				"@reach/menu-button": "^0.10.0",
				"@styled-system/css": "^5.1.5",
				"@types/styled-system__css": "^5.0.5"
			}
		},
		"@types/styled-system__css": {
			"version": "5.0.8",
			"resolved": "https://registry.npmjs.org/@types/styled-system__css/-/styled-system__css-5.0.8.tgz",
			"integrity": "sha512-skv+daDje8vWQ8wnqVV0GCzgWVKx4gI9lJpAxWE77s52Ne6k/SCPP8HGE4BFbWDvK+qi5O3p89BGWVOQ1VHjMg==",
			"requires": {
				"csstype": "^2.6.6"
			}
		},
		"@types/warning": {
			"version": "3.0.0",
			"resolved": "https://registry.npmjs.org/@types/warning/-/warning-3.0.0.tgz",
			"integrity": "sha1-DSUBJorY+ZYrdA04fEZU9fjiPlI="
		},
		"csstype": {
			"version": "2.6.10",
			"resolved": "https://registry.npmjs.org/csstype/-/csstype-2.6.10.tgz",
			"integrity": "sha512-D34BqZU4cIlMCY93rZHbrq9pjTAQJ3U8S8rfBqjwHxkGPThWFjzZDQpgMJY0QViLxth6ZKYiwFBo14RdN44U/w=="
		},
		"js-tokens": {
			"version": "4.0.0",
			"resolved": "https://registry.npmjs.org/js-tokens/-/js-tokens-4.0.0.tgz",
			"integrity": "sha512-RdJUflcE3cUzKiMqQgsCu06FPu9UdIJO0beYbPhHN4k6apgJtifcoCtT9bcxOpYBtpD2kCM6Sbzg4CausW/PKQ=="
		},
		"loose-envify": {
			"version": "1.4.0",
			"resolved": "https://registry.npmjs.org/loose-envify/-/loose-envify-1.4.0.tgz",
			"integrity": "sha512-lyuxPGr/Wfhrlem2CL/UcnUc1zcqKAImBDzukY7Y5F/yQiNdko6+fRLevlw1HgMySw7f611UIY408EtxRSoK3Q==",
			"requires": {
				"js-tokens": "^3.0.0 || ^4.0.0"
			}
		},
		"object-assign": {
			"version": "4.1.1",
			"resolved": "https://registry.npmjs.org/object-assign/-/object-assign-4.1.1.tgz",
			"integrity": "sha1-IQmtx5ZYh8/AXLvUQsrIv7s2CGM="
		},
		"prop-types": {
			"version": "15.7.2",
			"resolved": "https://registry.npmjs.org/prop-types/-/prop-types-15.7.2.tgz",
			"integrity": "sha512-8QQikdH7//R2vurIJSutZ1smHYTcLpRWEOlHnzcWHmBYrOGUysKwSsrC89BCiFj3CbrfJ/nXFdJepOVrY1GCHQ==",
			"requires": {
				"loose-envify": "^1.4.0",
				"object-assign": "^4.1.1",
				"react-is": "^16.8.1"
			}
		},
		"react-is": {
			"version": "16.13.1",
			"resolved": "https://registry.npmjs.org/react-is/-/react-is-16.13.1.tgz",
			"integrity": "sha512-24e6ynE2H+OKt4kqsOvNd8kBpV65zoxbA4BVsEOB3ARVWQki/DHzaUoC5KuON/BiccDaCCTZBuOcfZs70kR8bQ=="
		},
		"tabbable": {
			"version": "4.0.0",
			"resolved": "https://registry.npmjs.org/tabbable/-/tabbable-4.0.0.tgz",
			"integrity": "sha512-H1XoH1URcBOa/rZZWxLxHCtOdVUEev+9vo5YdYhC9tCY4wnybX+VQrCYuy9ubkg69fCBxCONJOSLGfw0DWMffQ=="
		},
		"tslib": {
			"version": "1.11.2",
			"resolved": "https://registry.npmjs.org/tslib/-/tslib-1.11.2.tgz",
			"integrity": "sha512-tTSkux6IGPnUGUd1XAZHcpu85MOkIl5zX49pO+jfsie3eP0B6pyhOlLXm3cAC6T7s+euSDDUUV+Acop5WmtkVg=="
		},
		"warning": {
			"version": "4.0.3",
			"resolved": "https://registry.npmjs.org/warning/-/warning-4.0.3.tgz",
			"integrity": "sha512-rpJyN222KWIvHJ/F53XSZv0Zl/accqHR8et1kpaMTD/fLCRxtV8iX8czMzY7sVZupTI3zcUTg8eycS2kNF9l6w==",
			"requires": {
				"loose-envify": "^1.0.0"
			}
		}
	}
}
